{
  "name": "ddf",
  "lockfileVersion": 3,
  "requires": true,
  "packages": {
    "": {
      "dependencies": {
        "@sweetalert2/themes": "^5.0.16",
        "sweetalert2": "^11.10.8"
      }
    },
    "node_modules/@sweetalert2/themes": {
      "version": "5.0.16",
      "resolved": "https://registry.npmjs.org/@sweetalert2/themes/-/themes-5.0.16.tgz",
      "integrity": "sha512-0RR8WcJO/4iDjrHPYPNAgpM79pN3ogWhS8qCBspH73mehUzExx+kni1cP5aS/AFBhhiKuM77S8CRXJSGh/bXHg==",
      "peerDependencies": {
        "sweetalert2": "^11.0.0"
      }
    },
    "node_modules/sweetalert2": {
      "version": "11.10.8",
      "resolved": "https://registry.npmjs.org/sweetalert2/-/sweetalert2-11.10.8.tgz",
      "integrity": "sha512-oAkYROBfXBY+4sVbQEIcN+ZxAx69lsmz5WEBwdEpyS4m59vOBNlRU5/fJpAI1MVfiDwFZiGwVzB/KBpOyfLNtg==",
      "funding": {
        "type": "individual",
        "url": "https://github.com/sponsors/limonte"
      }
    }
  }
}
